
Microsoft Visual Studio Solution File, Format Version 12.00
# Visual Studio Version 16
VisualStudioVersion = 16.0.37627.13
MinimumVisualStudioVersion = 10.0.40219.1
Project("{FAE04EC0-301F-11D3-BF4B-00C04F79EFBC}") = "QuanLyPhuongTien", "ConsoleApp1\QuanLyPhuongTien.csproj", "{255CFC58-DB1D-46C7-BB25-7369A2869E70}"
EndProject
Global
	GlobalSection(SolutionConfigurationPlatforms) = preSolution
		Debug|Any CPU = Debug|Any CPU
		Release|Any CPU = Release|Any CPU
	EndGlobalSection
	GlobalSection(ProjectConfigurationPlatforms) = postSolution
		{255CFC58-DB1D-46C7-BB25-7369A2869E70}.Debug|Any CPU.ActiveCfg = Debug|Any CPU
		{255CFC58-DB1D-46C7-BB25-7369A2869E70}.Debug|Any CPU.Build.0 = Debug|Any CPU
		{255CFC58-DB1D-46C7-BB25-7369A2869E70}.Release|Any CPU.ActiveCfg = Release|Any CPU
		{255CFC58-DB1D-46C7-BB25-7369A2869E70}.Release|Any CPU.Build.0 = Release|Any CPU
	EndGlobalSection
	GlobalSection(SolutionProperties) = preSolution
		HideSolutionNode = FALSE
	EndGlobalSection
	GlobalSection(ExtensibilityGlobals) = postSolution
		SolutionGuid = {89BA04CE-DEDB-41D5-9EA2-AA9CA09DFC22}
	EndGlobalSection
EndGlobal
